PODS:
  - Alamofire (5.4.4)
  - Moya (15.0.0):
    - Moya/Core (= 15.0.0)
  - Moya/Core (15.0.0):
    - Alamofire (~> 5.0)
  - MoyaResultValidate (0.1.0):
    - Moya

DEPENDENCIES:
  - MoyaResultValidate (from `../`)

SPEC REPOS:
  trunk:
    - Alamofire
    - Moya

EXTERNAL SOURCES:
  MoyaResultValidate:
    :path: "../"

SPEC CHECKSUMS:
  Alamofire: f3b09a368f1582ab751b3fff5460276e0d2cf5c9
  Moya: 138f0573e53411fb3dc17016add0b748dfbd78ee
  MoyaResultValidate: 60a57505338ed24ef63b8f8bf1c57e836e798ead

PODFILE CHECKSUM: 28112f12fbd69d05348d151a5c03a59bc3ea2b8c

COCOAPODS: 1.11.2
